
Microsoft Visual Studio Solution File, Format Version 12.00
# Visual Studio 14
VisualStudioVersion = 14.0.25420.1
MinimumVisualStudioVersion = 10.0.40219.1
Project("{8BB2217D-0F2D-49D1-97BC-3654ED321F3B}") = "generator", "src\generator\generator.xproj", "{4B5E2D8F-274B-4D44-BFB3-5E657769863E}"
EndProject
Global
	GlobalSection(SolutionConfigurationPlatforms) = preSolution
		Debug|Any CPU = Debug|Any CPU
		Release|Any CPU = Release|Any CPU
	EndGlobalSection
	GlobalSection(ProjectConfigurationPlatforms) = postSolution
		{4B5E2D8F-274B-4D44-BFB3-5E657769863E}.Debug|Any CPU.ActiveCfg = Debug|Any CPU
		{4B5E2D8F-274B-4D44-BFB3-5E657769863E}.Debug|Any CPU.Build.0 = Debug|Any CPU
		{4B5E2D8F-274B-4D44-BFB3-5E657769863E}.Release|Any CPU.ActiveCfg = Release|Any CPU
		{4B5E2D8F-274B-4D44-BFB3-5E657769863E}.Release|Any CPU.Build.0 = Release|Any CPU
	EndGlobalSection
	GlobalSection(SolutionProperties) = preSolution
		HideSolutionNode = FALSE
	EndGlobalSection
EndGlobal
